{
    "_readme": [
        "This file locks the dependencies of your project to a known state",
        "Read more about it at https://getcomposer.org/doc/01-basic-usage.md#composer-lock-the-lock-file",
        "This file is @generated automatically"
    ],
    "hash": "e98ebcd2bd1bc02b1886a0970273fcc1",
    "content-hash": "71f147d3d2ea61f132ef9eee1b649034",
    "packages": [
        {
            "name": "enlighten/framework",
            "version": "dev-master",
            "source": {
                "type": "git",
                "url": "https://github.com/roydejong/Enlighten.git",
                "reference": "630bd6a043dc01ed4db2e9b72cd1fb735841678a"
            },
            "dist": {
                "type": "zip",
                "url": "https://api.github.com/repos/roydejong/Enlighten/zipball/630bd6a043dc01ed4db2e9b72cd1fb735841678a",
                "reference": "630bd6a043dc01ed4db2e9b72cd1fb735841678a",
                "shasum": ""
            },
            "require": {
                "php": ">=5.5"
            },
            "require-dev": {
                "codeclimate/php-test-reporter": "^0.1.2",
                "phpunit/phpunit": "~4.0"
            },
            "type": "library",
            "autoload": {
                "psr-4": {
                    "Enlighten\\": "lib/",
                    "Enlighten\\Tests\\": "tests/"
                }
            },
            "notification-url": "https://packagist.org/downloads/",
            "license": [
                "MIT"
            ],
            "authors": [
                {
                    "name": "Roy de Jong",
                    "email": "hello@roydejong.net"
                }
            ],
            "description": "A lightweight PHP micro framework that helps you get shit done.",
            "keywords": [
                "framework",
                "http",
                "micro",
                "routing"
            ],
            "time": "2016-02-14 19:03:37"
        },
        {
            "name": "twig/twig",
            "version": "1.x-dev",
            "source": {
                "type": "git",
                "url": "https://github.com/twigphp/Twig.git",
                "reference": "3d0afc03892719b7eaa5f2b8d93260a79f8c578e"
            },
            "dist": {
                "type": "zip",
                "url": "https://api.github.com/repos/twigphp/Twig/zipball/3d0afc03892719b7eaa5f2b8d93260a79f8c578e",
                "reference": "3d0afc03892719b7eaa5f2b8d93260a79f8c578e",
                "shasum": ""
            },
            "require": {
                "php": ">=5.2.7"
            },
            "require-dev": {
                "symfony/debug": "~2.7",
                "symfony/phpunit-bridge": "~2.7"
            },
            "type": "library",
            "extra": {
                "branch-alias": {
                    "dev-master": "1.24-dev"
                }
            },
            "autoload": {
                "psr-0": {
                    "Twig_": "lib/"
                }
            },
            "notification-url": "https://packagist.org/downloads/",
            "license": [
                "BSD-3-Clause"
            ],
            "authors": [
                {
                    "name": "Fabien Potencier",
                    "email": "fabien@symfony.com",
                    "homepage": "http://fabien.potencier.org",
                    "role": "Lead Developer"
                },
                {
                    "name": "Armin Ronacher",
                    "email": "armin.ronacher@active-4.com",
                    "role": "Project Founder"
                },
                {
                    "name": "Twig Team",
                    "homepage": "http://twig.sensiolabs.org/contributors",
                    "role": "Contributors"
                }
            ],
            "description": "Twig, the flexible, fast, and secure template language for PHP",
            "homepage": "http://twig.sensiolabs.org",
            "keywords": [
                "templating"
            ],
            "time": "2016-04-01 06:54:57"
        }
    ],
    "packages-dev": [],
    "aliases": [],
    "minimum-stability": "dev",
    "stability-flags": {
        "enlighten/framework": 20
    },
    "prefer-stable": false,
    "prefer-lowest": false,
    "platform": [],
    "platform-dev": []
}
